
Microsoft Visual Studio Solution File, Format Version 12.00
# Visual Studio Version 17
VisualStudioVersion = 17.0.31903.59
MinimumVisualStudioVersion = 10.0.40219.1
Project("{2150E333-8FDC-42A3-9474-1A3956D46DE8}") = "Sustainsys.Saml2", "Sustainsys.Saml2", "{BFB3936D-9448-4C5F-8C1C-82A59F88A621}"
EndProject
Project("{9A19103F-16F7-4668-BE54-9A1E7A4F7556}") = "AspNetCore", "source\AspNetCore\AspNetCore.csproj", "{0E7431EB-BA1E-4741-98A2-C661D9ECA77F}"
EndProject
Project("{9A19103F-16F7-4668-BE54-9A1E7A4F7556}") = "AspNetCore.API", "source\AspNetCore.API\AspNetCore.API.csproj", "{EDC316CF-C656-4E2D-92B2-36A2727D959A}"
EndProject
Project("{FAE04EC0-301F-11D3-BF4B-00C04F79EFBC}") = "SampleHttpModuleApplication", "source\SampleHttpModuleApplication\SampleHttpModuleApplication.csproj", "{A8933B89-1052-43EF-A884-07860375F3FA}"
EndProject
Global
	GlobalSection(SolutionConfigurationPlatforms) = preSolution
		Debug|Any CPU = Debug|Any CPU
		Release|Any CPU = Release|Any CPU
	EndGlobalSection
	GlobalSection(ProjectConfigurationPlatforms) = postSolution
		{0E7431EB-BA1E-4741-98A2-C661D9ECA77F}.Debug|Any CPU.ActiveCfg = Debug|Any CPU
		{0E7431EB-BA1E-4741-98A2-C661D9ECA77F}.Debug|Any CPU.Build.0 = Debug|Any CPU
		{0E7431EB-BA1E-4741-98A2-C661D9ECA77F}.Release|Any CPU.ActiveCfg = Release|Any CPU
		{0E7431EB-BA1E-4741-98A2-C661D9ECA77F}.Release|Any CPU.Build.0 = Release|Any CPU
		{EDC316CF-C656-4E2D-92B2-36A2727D959A}.Debug|Any CPU.ActiveCfg = Debug|Any CPU
		{EDC316CF-C656-4E2D-92B2-36A2727D959A}.Debug|Any CPU.Build.0 = Debug|Any CPU
		{EDC316CF-C656-4E2D-92B2-36A2727D959A}.Release|Any CPU.ActiveCfg = Release|Any CPU
		{EDC316CF-C656-4E2D-92B2-36A2727D959A}.Release|Any CPU.Build.0 = Release|Any CPU
		{A8933B89-1052-43EF-A884-07860375F3FA}.Debug|Any CPU.ActiveCfg = Debug|Any CPU
		{A8933B89-1052-43EF-A884-07860375F3FA}.Debug|Any CPU.Build.0 = Debug|Any CPU
		{A8933B89-1052-43EF-A884-07860375F3FA}.Release|Any CPU.ActiveCfg = Debug|Any CPU
		{A8933B89-1052-43EF-A884-07860375F3FA}.Release|Any CPU.Build.0 = Debug|Any CPU
	EndGlobalSection
	GlobalSection(SolutionProperties) = preSolution
		HideSolutionNode = FALSE
	EndGlobalSection
	GlobalSection(NestedProjects) = preSolution
		{0E7431EB-BA1E-4741-98A2-C661D9ECA77F} = {BFB3936D-9448-4C5F-8C1C-82A59F88A621}
		{EDC316CF-C656-4E2D-92B2-36A2727D959A} = {BFB3936D-9448-4C5F-8C1C-82A59F88A621}
	EndGlobalSection
	GlobalSection(ExtensibilityGlobals) = postSolution
		SolutionGuid = {01D4E158-E599-49D5-BF4D-528944E27E2A}
	EndGlobalSection
EndGlobal
